{
  "name": "pricing-service",
  "lockfileVersion": 2,
  "requires": true,
  "packages": {
    "": {
      "name": "pricing-service",
      "dependencies": {
        "moment": "^2.30.1"
      },
      "devDependencies": {
        "@types/bun": "latest",
        "@types/node": "^20.14.8",
        "prettier": "3.3.2"
      },
      "peerDependencies": {
        "typescript": "^5.5.2"
      }
    },
    "node_modules/@types/bun": {
      "version": "1.1.5",
      "resolved": "https://registry.npmjs.org/@types/bun/-/bun-1.1.5.tgz",
      "integrity": "sha512-7RprVDMF+1o+EWSo7F1+iJpkfNz+Ikw9K//vwambcY+D1QHXfb9l7jWY1hSBfuFEkW9yFAhkMzP2uTi1pQXoqw==",
      "dev": true,
      "dependencies": {
        "bun-types": "1.1.14"
      }
    },
    "node_modules/@types/node": {
      "version": "20.14.8",
      "dev": true,
      "license": "MIT",
      "dependencies": {
        "undici-types": "~5.26.4"
      }
    },
    "node_modules/@types/ws": {
      "version": "8.5.10",
      "dev": true,
      "license": "MIT",
      "dependencies": {
        "@types/node": "*"
      }
    },
    "node_modules/@types/ws/node_modules/@types/node": {
      "version": "20.12.14",
      "dev": true,
      "license": "MIT",
      "dependencies": {
        "undici-types": "~5.26.4"
      }
    },
    "node_modules/bun-types": {
      "version": "1.1.14",
      "dev": true,
      "license": "MIT",
      "dependencies": {
        "@types/node": "~20.12.8",
        "@types/ws": "~8.5.10"
      }
    },
    "node_modules/bun-types/node_modules/@types/node": {
      "version": "20.12.14",
      "dev": true,
      "license": "MIT",
      "dependencies": {
        "undici-types": "~5.26.4"
      }
    },
    "node_modules/moment": {
      "version": "2.30.1",
      "license": "MIT",
      "engines": {
        "node": "*"
      }
    },
    "node_modules/prettier": {
      "version": "3.3.2",
      "resolved": "https://registry.npmjs.org/prettier/-/prettier-3.3.2.tgz",
      "integrity": "sha512-rAVeHYMcv8ATV5d508CFdn+8/pHPpXeIid1DdrPwXnaAdH7cqjVbpJaT5eq4yRAFU/lsbwYwSF/n5iNrdJHPQA==",
      "dev": true,
      "bin": {
        "prettier": "bin/prettier.cjs"
      },
      "engines": {
        "node": ">=14"
      },
      "funding": {
        "url": "https://github.com/prettier/prettier?sponsor=1"
      }
    },
    "node_modules/typescript": {
      "version": "5.5.2",
      "license": "Apache-2.0",
      "peer": true,
      "bin": {
        "tsc": "bin/tsc",
        "tsserver": "bin/tsserver"
      },
      "engines": {
        "node": ">=14.17"
      }
    },
    "node_modules/undici-types": {
      "version": "5.26.5",
      "dev": true,
      "license": "MIT"
    }
  },
  "dependencies": {
    "@types/bun": {
      "version": "1.1.5",
      "resolved": "https://registry.npmjs.org/@types/bun/-/bun-1.1.5.tgz",
      "integrity": "sha512-7RprVDMF+1o+EWSo7F1+iJpkfNz+Ikw9K//vwambcY+D1QHXfb9l7jWY1hSBfuFEkW9yFAhkMzP2uTi1pQXoqw==",
      "dev": true,
      "requires": {
        "bun-types": "1.1.14"
      }
    },
    "@types/node": {
      "version": "20.14.8",
      "dev": true,
      "requires": {
        "undici-types": "~5.26.4"
      }
    },
    "@types/ws": {
      "version": "8.5.10",
      "dev": true,
      "requires": {
        "@types/node": "*"
      },
      "dependencies": {
        "@types/node": {
          "version": "20.12.14",
          "dev": true,
          "requires": {
            "undici-types": "~5.26.4"
          }
        }
      }
    },
    "bun-types": {
      "version": "1.1.14",
      "dev": true,
      "requires": {
        "@types/node": "~20.12.8",
        "@types/ws": "~8.5.10"
      },
      "dependencies": {
        "@types/node": {
          "version": "20.12.14",
          "dev": true,
          "requires": {
            "undici-types": "~5.26.4"
          }
        }
      }
    },
    "moment": {
      "version": "2.30.1"
    },
    "prettier": {
      "version": "3.3.2",
      "resolved": "https://registry.npmjs.org/prettier/-/prettier-3.3.2.tgz",
      "integrity": "sha512-rAVeHYMcv8ATV5d508CFdn+8/pHPpXeIid1DdrPwXnaAdH7cqjVbpJaT5eq4yRAFU/lsbwYwSF/n5iNrdJHPQA==",
      "dev": true
    },
    "typescript": {
      "version": "5.5.2",
      "peer": true
    },
    "undici-types": {
      "version": "5.26.5",
      "dev": true
    }
  }
}
